
Microsoft Visual Studio Solution File, Format Version 12.00
# Visual Studio Version 17
VisualStudioVersion = 17.1.32210.238
MinimumVisualStudioVersion = 10.0.40219.1
Project("{9A19103F-16F7-4668-BE54-9A1E7A4F7556}") = "WebApiEF_react_termekek", "WebApiEF_react_termekek\WebApiEF_react_termekek.csproj", "{DE14AFCE-F008-4E23-8900-16A15B0F9A84}"
EndProject
Global
	GlobalSection(SolutionConfigurationPlatforms) = preSolution
		Debug|Any CPU = Debug|Any CPU
		Release|Any CPU = Release|Any CPU
	EndGlobalSection
	GlobalSection(ProjectConfigurationPlatforms) = postSolution
		{DE14AFCE-F008-4E23-8900-16A15B0F9A84}.Debug|Any CPU.ActiveCfg = Debug|Any CPU
		{DE14AFCE-F008-4E23-8900-16A15B0F9A84}.Debug|Any CPU.Build.0 = Debug|Any CPU
		{DE14AFCE-F008-4E23-8900-16A15B0F9A84}.Release|Any CPU.ActiveCfg = Release|Any CPU
		{DE14AFCE-F008-4E23-8900-16A15B0F9A84}.Release|Any CPU.Build.0 = Release|Any CPU
	EndGlobalSection
	GlobalSection(SolutionProperties) = preSolution
		HideSolutionNode = FALSE
	EndGlobalSection
	GlobalSection(ExtensibilityGlobals) = postSolution
		SolutionGuid = {A52815B4-B56F-4E5F-99EE-4BAA3656E327}
	EndGlobalSection
EndGlobal
